
Microsoft Visual Studio Solution File, Format Version 12.00
# Visual Studio Version 17
VisualStudioVersion = 17.6.33829.357
MinimumVisualStudioVersion = 10.0.40219.1
Project("{FAE04EC0-301F-11D3-BF4B-00C04F79EFBC}") = "InvestmentsCalculator", "InvestmentsCalculator.csproj", "{17ABBF4F-6FF4-417B-9B85-646E16A38C0C}"
EndProject
Global
	GlobalSection(SolutionConfigurationPlatforms) = preSolution
		Debug|Any CPU = Debug|Any CPU
		Release|Any CPU = Release|Any CPU
	EndGlobalSection
	GlobalSection(ProjectConfigurationPlatforms) = postSolution
		{17ABBF4F-6FF4-417B-9B85-646E16A38C0C}.Debug|Any CPU.ActiveCfg = Debug|Any CPU
		{17ABBF4F-6FF4-417B-9B85-646E16A38C0C}.Debug|Any CPU.Build.0 = Debug|Any CPU
		{17ABBF4F-6FF4-417B-9B85-646E16A38C0C}.Release|Any CPU.ActiveCfg = Release|Any CPU
		{17ABBF4F-6FF4-417B-9B85-646E16A38C0C}.Release|Any CPU.Build.0 = Release|Any CPU
	EndGlobalSection
	GlobalSection(SolutionProperties) = preSolution
		HideSolutionNode = FALSE
	EndGlobalSection
	GlobalSection(ExtensibilityGlobals) = postSolution
		SolutionGuid = {4B017EC7-3695-48A1-BDB3-B9FEED92EFE6}
	EndGlobalSection
EndGlobal
